{
  "requires": true,
  "lockfileVersion": 1,
  "dependencies": {
    "fivem-router": {
      "version": "git+https://github.com/TheIndra55/fivem-router.git#d71841b1b740becdcbbf475c0382eca14049d5f9",
      "requires": {
        "url-pattern": "1.0.3"
      }
    },
    "url-pattern": {
      "version": "1.0.3",
      "resolved": "https://registry.npmjs.org/url-pattern/-/url-pattern-1.0.3.tgz",
      "integrity": "sha1-BAkpJHGyTyPFDWWkeTF5PStaz8E="
    }
  }
}
